# This file was autogenerated by Stack.
# You should not edit this file by hand.
# For more information, please see the documentation at:
#   https://docs.haskellstack.org/en/stable/lock_files

packages:
- completed:
    hackage: json-stream-0.4.2.4@sha256:8b7f17d54a6e1e6311756270f8bcf51e91bab4300945400de66118470dcf51b9,4716
    pantry-tree:
      size: 2055
      sha256: 3ad81d47097db52223576d79ff441f04682358cd3057de4acb604409772641ca
  original:
    hackage: json-stream-0.4.2.4@sha256:8b7f17d54a6e1e6311756270f8bcf51e91bab4300945400de66118470dcf51b9,4716
- completed:
    hackage: streaming-utils-0.2.0.0@sha256:a2bd9144b336393122ffed2d3a1c747c186b8fdb9734c54d8b5874ed6166a85b,4114
    pantry-tree:
      size: 571
      sha256: e0e6ffb4ff9437644e66765d7de6a1f8784e926fcc6edb28aa66e297e119f111
  original:
    hackage: streaming-utils-0.2.0.0@sha256:a2bd9144b336393122ffed2d3a1c747c186b8fdb9734c54d8b5874ed6166a85b,4114
snapshots:
- completed:
    size: 493124
    url: https://raw.githubusercontent.com/commercialhaskell/stackage-snapshots/master/lts/15/10.yaml
    sha256: 48bc6d1d59224a5166265ef6cdda6a512f29ecc8ef7331826312b82377e89507
  original: lts-15.10
